// !$*UTF8*$!
{
	archiveVersion = 1;
	classes = {
	};
	objectVersion = 46;
	objects = {

/* Begin PBXBuildFile section */
		2C9790CB1C89597E0049AEE6 /* JProgressHUD.swift in Sources */ = {isa = PBXBuildFile; fileRef = 2C9790CA1C89597E0049AEE6 /* JProgressHUD.swift */; };
		2CFC2F951C4504FC00B5278A /* main.m in Sources */ = {isa = PBXBuildFile; fileRef = 2CFC2F941C4504FC00B5278A /* main.m */; };
		2CFC2F981C4504FC00B5278A /* AppDelegate.m in Sources */ = {isa = PBXBuildFile; fileRef = 2CFC2F971C4504FC00B5278A /* AppDelegate.m */; };
		2CFC2F9B1C4504FC00B5278A /* ViewController.m in Sources */ = {isa = PBXBuildFile; fileRef = 2CFC2F9A1C4504FC00B5278A /* ViewController.m */; };
		2CFC2F9E1C4504FC00B5278A /* Main.storyboard in Resources */ = {isa = PBXBuildFile; fileRef = 2CFC2F9C1C4504FC00B5278A /* Main.storyboard */; };
		2CFC2FA01C4504FC00B5278A /* Assets.xcassets in Resources */ = {isa = PBXBuildFile; fileRef = 2CFC2F9F1C4504FC00B5278A /* Assets.xcassets */; };
		2CFC2FA31C4504FC00B5278A /* LaunchScreen.storyboard in Resources */ = {isa = PBXBuildFile; fileRef = 2CFC2FA11C4504FC00B5278A /* LaunchScreen.storyboard */; };
		2CFC2FAC1C45051F00B5278A /* TipsView.m in Sources */ = {isa = PBXBuildFile; fileRef = 2CFC2FAB1C45051F00B5278A /* TipsView.m */; };
/* End PBXBuildFile section */

/* Begin PBXFileReference section */
		2C9790C91C89597E0049AEE6 /* TipsView-Bridging-Header.h */ = {isa = PBXFileReference; lastKnownFileType = sourcecode.c.h; path = "TipsView-Bridging-Header.h"; sourceTree = "<group>"; };
		2C9790CA1C89597E0049AEE6 /* JProgressHUD.swift */ = {isa = PBXFileReference; fileEncoding = 4; lastKnownFileType = sourcecode.swift; path = JProgressHUD.swift; sourceTree = "<group>"; };
		2CFC2F901C4504FC00B5278A /* TipsView.app */ = {isa = PBXFileReference; explicitFileType = wrapper.application; includeInIndex = 0; path = TipsView.app; sourceTree = BUILT_PRODUCTS_DIR; };
		2CFC2F941C4504FC00B5278A /* main.m */ = {isa = PBXFileReference; lastKnownFileType = sourcecode.c.objc; path = main.m; sourceTree = "<group>"; };
		2CFC2F961C4504FC00B5278A /* AppDelegate.h */ = {isa = PBXFileReference; lastKnownFileType = sourcecode.c.h; path = AppDelegate.h; sourceTree = "<group>"; };
		2CFC2F971C4504FC00B5278A /* AppDelegate.m */ = {isa = PBXFileReference; lastKnownFileType = sourcecode.c.objc; path = AppDelegate.m; sourceTree = "<group>"; };
		2CFC2F991C4504FC00B5278A /* ViewController.h */ = {isa = PBXFileReference; lastKnownFileType = sourcecode.c.h; path = ViewController.h; sourceTree = "<group>"; };
		2CFC2F9A1C4504FC00B5278A /* ViewController.m */ = {isa = PBXFileReference; lastKnownFileType = sourcecode.c.objc; path = ViewController.m; sourceTree = "<group>"; };
		2CFC2F9D1C4504FC00B5278A /* Base */ = {isa = PBXFileReference; lastKnownFileType = file.storyboard; name = Base; path = Base.lproj/Main.storyboard; sourceTree = "<group>"; };
		2CFC2F9F1C4504FC00B5278A /* Assets.xcassets */ = {isa = PBXFileReference; lastKnownFileType = folder.assetcatalog; path = Assets.xcassets; sourceTree = "<group>"; };
		2CFC2FA21C4504FC00B5278A /* Base */ = {isa = PBXFileReference; lastKnownFileType = file.storyboard; name = Base; path = Base.lproj/LaunchScreen.storyboard; sourceTree = "<group>"; };
		2CFC2FA41C4504FC00B5278A /* Info.plist */ = {isa = PBXFileReference; lastKnownFileType = text.plist.xml; path = Info.plist; sourceTree = "<group>"; };
		2CFC2FAA1C45051F00B5278A /* TipsView.h */ = {isa = PBXFileReference; fileEncoding = 4; lastKnownFileType = sourcecode.c.h; path = TipsView.h; sourceTree = "<group>"; };
		2CFC2FAB1C45051F00B5278A /* TipsView.m */ = {isa = PBXFileReference; fileEncoding = 4; lastKnownFileType = sourcecode.c.objc; path = TipsView.m; sourceTree = "<group>"; };
/* End PBXFileReference section */

/* Begin PBXFrameworksBuildPhase section */
		2CFC2F8D1C4504FC00B5278A /* Frameworks */ = {
			isa = PBXFrameworksBuildPhase;
			buildActionMask = 2147483647;
			files = (
			);
			runOnlyForDeploymentPostprocessing = 0;
		};
/* End PBXFrameworksBuildPhase section */

/* Begin PBXGroup section */
		2CFC2F871C4504FC00B5278A = {
			isa = PBXGroup;
			children = (
				2CFC2F921C4504FC00B5278A /* TipsView */,
				2CFC2F911C4504FC00B5278A /* Products */,
			);
			sourceTree = "<group>";
		};
		2CFC2F911C4504FC00B5278A /* Products */ = {
			isa = PBXGroup;
			children = (
				2CFC2F901C4504FC00B5278A /* TipsView.app */,
			);
			name = Products;
			sourceTree = "<group>";
		};
		2CFC2F921C4504FC00B5278A /* TipsView */ = {
			isa = PBXGroup;
			children = (
				2CFC2F961C4504FC00B5278A /* AppDelegate.h */,
				2CFC2F971C4504FC00B5278A /* AppDelegate.m */,
				2CFC2F991C4504FC00B5278A /* ViewController.h */,
				2CFC2F9A1C4504FC00B5278A /* ViewController.m */,
				2CFC2FAA1C45051F00B5278A /* TipsView.h */,
				2CFC2FAB1C45051F00B5278A /* TipsView.m */,
				2C9790CA1C89597E0049AEE6 /* JProgressHUD.swift */,
				2CFC2F9C1C4504FC00B5278A /* Main.storyboard */,
				2CFC2F9F1C4504FC00B5278A /* Assets.xcassets */,
				2CFC2FA11C4504FC00B5278A /* LaunchScreen.storyboard */,
				2CFC2FA41C4504FC00B5278A /* Info.plist */,
				2CFC2F931C4504FC00B5278A /* Supporting Files */,
				2C9790C91C89597E0049AEE6 /* TipsView-Bridging-Header.h */,
			);
			path = TipsView;
			sourceTree = "<group>";
		};
		2CFC2F931C4504FC00B5278A /* Supporting Files */ = {
			isa = PBXGroup;
			children = (
				2CFC2F941C4504FC00B5278A /* main.m */,
			);
			name = "Supporting Files";
			sourceTree = "<group>";
		};
/* End PBXGroup section */

/* Begin PBXNativeTarget section */
		2CFC2F8F1C4504FC00B5278A /* TipsView */ = {
			isa = PBXNativeTarget;
			buildConfigurationList = 2CFC2FA71C4504FC00B5278A /* Build configuration list for PBXNativeTarget "TipsView" */;
			buildPhases = (
				2CFC2F8C1C4504FC00B5278A /* Sources */,
				2CFC2F8D1C4504FC00B5278A /* Frameworks */,
				2CFC2F8E1C4504FC00B5278A /* Resources */,
			);
			buildRules = (
			);
			dependencies = (
			);
			name = TipsView;
			productName = TipsView;
			productReference = 2CFC2F901C4504FC00B5278A /* TipsView.app */;
			productType = "com.apple.product-type.application";
		};
/* End PBXNativeTarget section */

/* Begin PBXProject section */
		2CFC2F881C4504FC00B5278A /* Project object */ = {
			isa = PBXProject;
			attributes = {
				LastUpgradeCheck = 0720;
				ORGANIZATIONNAME = Johnson;
				TargetAttributes = {
					2CFC2F8F1C4504FC00B5278A = {
						CreatedOnToolsVersion = 7.2;
					};
				};
			};
			buildConfigurationList = 2CFC2F8B1C4504FC00B5278A /* Build configuration list for PBXProject "TipsView" */;
			compatibilityVersion = "Xcode 3.2";
			developmentRegion = English;
			hasScannedForEncodings = 0;
			knownRegions = (
				en,
				Base,
			);
			mainGroup = 2CFC2F871C4504FC00B5278A;
			productRefGroup = 2CFC2F911C4504FC00B5278A /* Products */;
			projectDirPath = "";
			projectRoot = "";
			targets = (
				2CFC2F8F1C4504FC00B5278A /* TipsView */,
			);
		};
/* End PBXProject section */

/* Begin PBXResourcesBuildPhase section */
		2CFC2F8E1C4504FC00B5278A /* Resources */ = {
			isa = PBXResourcesBuildPhase;
			buildActionMask = 2147483647;
			files = (
				2CFC2FA31C4504FC00B5278A /* LaunchScreen.storyboard in Resources */,
				2CFC2FA01C4504FC00B5278A /* Assets.xcassets in Resources */,
				2CFC2F9E1C4504FC00B5278A /* Main.storyboard in Resources */,
			);
			runOnlyForDeploymentPostprocessing = 0;
		};
/* End PBXResourcesBuildPhase section */

/* Begin PBXSourcesBuildPhase section */
		2CFC2F8C1C4504FC00B5278A /* Sources */ = {
			isa = PBXSourcesBuildPhase;
			buildActionMask = 2147483647;
			files = (
				2C9790CB1C89597E0049AEE6 /* JProgressHUD.swift in Sources */,
				2CFC2FAC1C45051F00B5278A /* TipsView.m in Sources */,
				2CFC2F9B1C4504FC00B5278A /* ViewController.m in Sources */,
				2CFC2F981C4504FC00B5278A /* AppDelegate.m in Sources */,
				2CFC2F951C4504FC00B5278A /* main.m in Sources */,
			);
			runOnlyForDeploymentPostprocessing = 0;
		};
/* End PBXSourcesBuildPhase section */

/* Begin PBXVariantGroup section */
		2CFC2F9C1C4504FC00B5278A /* Main.storyboard */ = {
			isa = PBXVariantGroup;
			children = (
				2CFC2F9D1C4504FC00B5278A /* Base */,
			);
			name = Main.storyboard;
			sourceTree = "<group>";
		};
		2CFC2FA11C4504FC00B5278A /* LaunchScreen.storyboard */ = {
			isa = PBXVariantGroup;
			children = (
				2CFC2FA21C4504FC00B5278A /* Base */,
			);
			name = LaunchScreen.storyboard;
			sourceTree = "<group>";
		};
/* End PBXVariantGroup section */

/* Begin XCBuildConfiguration section */
		2CFC2FA51C4504FC00B5278A /* Debug */ = {
			isa = XCBuildConfiguration;
			buildSettings = {
				ALWAYS_SEARCH_USER_PATHS = NO;
				CLANG_CXX_LANGUAGE_STANDARD = "gnu++0x";
				CLANG_CXX_LIBRARY = "libc++";
				CLANG_ENABLE_MODULES = YES;
				CLANG_ENABLE_OBJC_ARC = YES;
				CLANG_WARN_BOOL_CONVERSION = YES;
				CLANG_WARN_CONSTANT_CONVERSION = YES;
				CLANG_WARN_DIRECT_OBJC_ISA_USAGE = YES_ERROR;
				CLANG_WARN_EMPTY_BODY = YES;
				CLANG_WARN_ENUM_CONVERSION = YES;
				CLANG_WARN_INT_CONVERSION = YES;
				CLANG_WARN_OBJC_ROOT_CLASS = YES_ERROR;
				CLANG_WARN_UNREACHABLE_CODE = YES;
				CLANG_WARN__DUPLICATE_METHOD_MATCH = YES;
				"CODE_SIGN_IDENTITY[sdk=iphoneos*]" = "iPhone Developer";
				COPY_PHASE_STRIP = NO;
				DEBUG_INFORMATION_FORMAT = dwarf;
				ENABLE_STRICT_OBJC_MSGSEND = YES;
				ENABLE_TESTABILITY = YES;
				GCC_C_LANGUAGE_STANDARD = gnu99;
				GCC_DYNAMIC_NO_PIC = NO;
				GCC_NO_COMMON_BLOCKS = YES;
				GCC_OPTIMIZATION_LEVEL = 0;
				GCC_PREPROCESSOR_DEFINITIONS = (
					"DEBUG=1",
					"$(inherited)",
				);
				GCC_WARN_64_TO_32_BIT_CONVERSION = YES;
				GCC_WARN_ABOUT_RETURN_TYPE = YES_ERROR;
				GCC_WARN_UNDECLARED_SELECTOR = YES;
				GCC_WARN_UNINITIALIZED_AUTOS = YES_AGGRESSIVE;
				GCC_WARN_UNUSED_FUNCTION = YES;
				GCC_WARN_UNUSED_VARIABLE = YES;
				IPHONEOS_DEPLOYMENT_TARGET = 9.2;
				MTL_ENABLE_DEBUG_INFO = YES;
				ONLY_ACTIVE_ARCH = YES;
				SDKROOT = iphoneos;
				TARGETED_DEVICE_FAMILY = "1,2";
			};
			name = Debug;
		};
		2CFC2FA61C4504FC00B5278A /* Release */ = {
			isa = XCBuildConfiguration;
			buildSettings = {
				ALWAYS_SEARCH_USER_PATHS = NO;
				CLANG_CXX_LANGUAGE_STANDARD = "gnu++0x";
				CLANG_CXX_LIBRARY = "libc++";
				CLANG_ENABLE_MODULES = YES;
				CLANG_ENABLE_OBJC_ARC = YES;
				CLANG_WARN_BOOL_CONVERSION = YES;
				CLANG_WARN_CONSTANT_CONVERSION = YES;
				CLANG_WARN_DIRECT_OBJC_ISA_USAGE = YES_ERROR;
				CLANG_WARN_EMPTY_BODY = YES;
				CLANG_WARN_ENUM_CONVERSION = YES;
				CLANG_WARN_INT_CONVERSION = YES;
				CLANG_WARN_OBJC_ROOT_CLASS = YES_ERROR;
				CLANG_WARN_UNREACHABLE_CODE = YES;
				CLANG_WARN__DUPLICATE_METHOD_MATCH = YES;
				"CODE_SIGN_IDENTITY[sdk=iphoneos*]" = "iPhone Developer";
				COPY_PHASE_STRIP = NO;
				DEBUG_INFORMATION_FORMAT = "dwarf-with-dsym";
				ENABLE_NS_ASSERTIONS = NO;
				ENABLE_STRICT_OBJC_MSGSEND = YES;
				GCC_C_LANGUAGE_STANDARD = gnu99;
				GCC_NO_COMMON_BLOCKS = YES;
				GCC_WARN_64_TO_32_BIT_CONVERSION = YES;
				GCC_WARN_ABOUT_RETURN_TYPE = YES_ERROR;
				GCC_WARN_UNDECLARED_SELECTOR = YES;
				GCC_WARN_UNINITIALIZED_AUTOS = YES_AGGRESSIVE;
				GCC_WARN_UNUSED_FUNCTION = YES;
				GCC_WARN_UNUSED_VARIABLE = YES;
				IPHONEOS_DEPLOYMENT_TARGET = 9.2;
				MTL_ENABLE_DEBUG_INFO = NO;
				SDKROOT = iphoneos;
				TARGETED_DEVICE_FAMILY = "1,2";
				VALIDATE_PRODUCT = YES;
			};
			name = Release;
		};
		2CFC2FA81C4504FC00B5278A /* Debug */ = {
			isa = XCBuildConfiguration;
			buildSettings = {
				ASSETCATALOG_COMPILER_APPICON_NAME = AppIcon;
				CLANG_ENABLE_MODULES = YES;
				INFOPLIST_FILE = TipsView/Info.plist;
				IPHONEOS_DEPLOYMENT_TARGET = 7.0;
				LD_RUNPATH_SEARCH_PATHS = "$(inherited) @executable_path/Frameworks";
				PRODUCT_BUNDLE_IDENTIFIER = com.johnson.TipsView;
				PRODUCT_NAME = "$(TARGET_NAME)";
				SWIFT_OBJC_BRIDGING_HEADER = "TipsView/TipsView-Bridging-Header.h";
				SWIFT_OPTIMIZATION_LEVEL = "-Onone";
			};
			name = Debug;
		};
		2CFC2FA91C4504FC00B5278A /* Release */ = {
			isa = XCBuildConfiguration;
			buildSettings = {
				ASSETCATALOG_COMPILER_APPICON_NAME = AppIcon;
				CLANG_ENABLE_MODULES = YES;
				INFOPLIST_FILE = TipsView/Info.plist;
				IPHONEOS_DEPLOYMENT_TARGET = 7.0;
				LD_RUNPATH_SEARCH_PATHS = "$(inherited) @executable_path/Frameworks";
				PRODUCT_BUNDLE_IDENTIFIER = com.johnson.TipsView;
				PRODUCT_NAME = "$(TARGET_NAME)";
				SWIFT_OBJC_BRIDGING_HEADER = "TipsView/TipsView-Bridging-Header.h";
			};
			name = Release;
		};
/* End XCBuildConfiguration section */

/* Begin XCConfigurationList section */
		2CFC2F8B1C4504FC00B5278A /* Build configuration list for PBXProject "TipsView" */ = {
			isa = XCConfigurationList;
			buildConfigurations = (
				2CFC2FA51C4504FC00B5278A /* Debug */,
				2CFC2FA61C4504FC00B5278A /* Release */,
			);
			defaultConfigurationIsVisible = 0;
			defaultConfigurationName = Release;
		};
		2CFC2FA71C4504FC00B5278A /* Build configuration list for PBXNativeTarget "TipsView" */ = {
			isa = XCConfigurationList;
			buildConfigurations = (
				2CFC2FA81C4504FC00B5278A /* Debug */,
				2CFC2FA91C4504FC00B5278A /* Release */,
			);
			defaultConfigurationIsVisible = 0;
			defaultConfigurationName = Release;
		};
/* End XCConfigurationList section */
	};
	rootObject = 2CFC2F881C4504FC00B5278A /* Project object */;
}
